# This file is automatically @generated by Cargo.
# It is not intended for manual editing.
version = 4

[[package]]
name = "logger_bro"
version = "0.2.0"
dependencies = [
 "owo-colors",
 "unicode-width",
]

[[package]]
name = "owo-colors"
version = "4.2.2"
source = "registry+https://github.com/rust-lang/crates.io-index"
checksum = "48dd4f4a2c8405440fd0462561f0e5806bd0f77e86f51c761481bdd4018b545e"

[[package]]
name = "unicode-width"
version = "0.2.1"
source = "registry+https://github.com/rust-lang/crates.io-index"
checksum = "4a1a07cc7db3810833284e8d372ccdc6da29741639ecc70c9ec107df0fa6154c"
